
Microsoft Visual Studio Solution File, Format Version 12.00
# Visual Studio Version 17
VisualStudioVersion = 17.7.34031.279
MinimumVisualStudioVersion = 10.0.40219.1
Project("{888888A0-9F3D-457C-B088-3A5042F75D52}") = "formulario python", "formulario python\formulario python.pyproj", "{2CD414D3-D830-48F7-B0FD-5380286E54B8}"
EndProject
Global
	GlobalSection(SolutionConfigurationPlatforms) = preSolution
		Debug|Any CPU = Debug|Any CPU
		Release|Any CPU = Release|Any CPU
	EndGlobalSection
	GlobalSection(ProjectConfigurationPlatforms) = postSolution
		{2CD414D3-D830-48F7-B0FD-5380286E54B8}.Debug|Any CPU.ActiveCfg = Debug|Any CPU
		{2CD414D3-D830-48F7-B0FD-5380286E54B8}.Release|Any CPU.ActiveCfg = Release|Any CPU
	EndGlobalSection
	GlobalSection(SolutionProperties) = preSolution
		HideSolutionNode = FALSE
	EndGlobalSection
	GlobalSection(ExtensibilityGlobals) = postSolution
		SolutionGuid = {4BA93863-4A0B-4FE4-BD39-C04116A4852E}
	EndGlobalSection
EndGlobal
